// !$*UTF8*$!
{
	archiveVersion = 1;
	classes = {
	};
	objectVersion = 50;
	objects = {

/* Begin PBXBuildFile section */
		4A5B56BB2195E0E4005082B8 /* AppDelegate.swift in Sources */ = {isa = PBXBuildFile; fileRef = 4A5B56BA2195E0E4005082B8 /* AppDelegate.swift */; };
		4A5B56BD2195E0E4005082B8 /* ViewController.swift in Sources */ = {isa = PBXBuildFile; fileRef = 4A5B56BC2195E0E4005082B8 /* ViewController.swift */; };
		4A5B56C02195E0E4005082B8 /* Main.storyboard in Resources */ = {isa = PBXBuildFile; fileRef = 4A5B56BE2195E0E4005082B8 /* Main.storyboard */; };
		4A5B56C22195E0E5005082B8 /* Assets.xcassets in Resources */ = {isa = PBXBuildFile; fileRef = 4A5B56C12195E0E5005082B8 /* Assets.xcassets */; };
		4A5B56C52195E0E5005082B8 /* LaunchScreen.storyboard in Resources */ = {isa = PBXBuildFile; fileRef = 4A5B56C32195E0E5005082B8 /* LaunchScreen.storyboard */; };
		4A5B56D02195E0E5005082B8 /* SwiftVIPERTests.swift in Sources */ = {isa = PBXBuildFile; fileRef = 4A5B56CF2195E0E5005082B8 /* SwiftVIPERTests.swift */; };
		AE895348219981A700BA9616 /* DetailViewController.swift in Sources */ = {isa = PBXBuildFile; fileRef = AE895346219981A700BA9616 /* DetailViewController.swift */; };
		AE895349219981A700BA9616 /* DetailViewController.xib in Resources */ = {isa = PBXBuildFile; fileRef = AE895347219981A700BA9616 /* DetailViewController.xib */; };
		AE89534B219981BC00BA9616 /* DetailRouter.swift in Sources */ = {isa = PBXBuildFile; fileRef = AE89534A219981BC00BA9616 /* DetailRouter.swift */; };
		AE89534D219981DA00BA9616 /* DetailInteractor.swift in Sources */ = {isa = PBXBuildFile; fileRef = AE89534C219981DA00BA9616 /* DetailInteractor.swift */; };
		AE89534F219981EA00BA9616 /* DetailPresenter.swift in Sources */ = {isa = PBXBuildFile; fileRef = AE89534E219981EA00BA9616 /* DetailPresenter.swift */; };
		AE895351219981F800BA9616 /* DetailEntities.swift in Sources */ = {isa = PBXBuildFile; fileRef = AE895350219981F800BA9616 /* DetailEntities.swift */; };
		AED17A1021992ABB0000127C /* Routerable.swift in Sources */ = {isa = PBXBuildFile; fileRef = AED17A0F21992ABB0000127C /* Routerable.swift */; };
		AED17A1221992AD90000127C /* Presenterable.swift in Sources */ = {isa = PBXBuildFile; fileRef = AED17A1121992AD90000127C /* Presenterable.swift */; };
		AED17A1421992AEF0000127C /* Viewable.swift in Sources */ = {isa = PBXBuildFile; fileRef = AED17A1321992AEF0000127C /* Viewable.swift */; };
		AED17A1621992B090000127C /* Interactorable.swift in Sources */ = {isa = PBXBuildFile; fileRef = AED17A1521992B090000127C /* Interactorable.swift */; };
		AED17A2121993C000000127C /* ListViewController.swift in Sources */ = {isa = PBXBuildFile; fileRef = AED17A1F21993C000000127C /* ListViewController.swift */; };
		AED17A2221993C000000127C /* ListViewController.xib in Resources */ = {isa = PBXBuildFile; fileRef = AED17A2021993C000000127C /* ListViewController.xib */; };
		AED17A2421993C180000127C /* ListPresenter.swift in Sources */ = {isa = PBXBuildFile; fileRef = AED17A2321993C180000127C /* ListPresenter.swift */; };
		AED17A2621993C2A0000127C /* ListRouter.swift in Sources */ = {isa = PBXBuildFile; fileRef = AED17A2521993C2A0000127C /* ListRouter.swift */; };
		AED17A2821993C450000127C /* ListInteractor.swift in Sources */ = {isa = PBXBuildFile; fileRef = AED17A2721993C450000127C /* ListInteractor.swift */; };
		AED17A2B219941450000127C /* Api.swift in Sources */ = {isa = PBXBuildFile; fileRef = AED17A2A219941450000127C /* Api.swift */; };
		AED17A2D2199418D0000127C /* GitHubApi.swift in Sources */ = {isa = PBXBuildFile; fileRef = AED17A2C2199418D0000127C /* GitHubApi.swift */; };
		AED17A30219941BA0000127C /* GitHubRepository.swift in Sources */ = {isa = PBXBuildFile; fileRef = AED17A2F219941BA0000127C /* GitHubRepository.swift */; };
		AED17A352199540C0000127C /* CollectionExtension.swift in Sources */ = {isa = PBXBuildFile; fileRef = AED17A342199540C0000127C /* CollectionExtension.swift */; };
		AED17A3721995D900000127C /* ListEntities.swift in Sources */ = {isa = PBXBuildFile; fileRef = AED17A3621995D900000127C /* ListEntities.swift */; };
		AED17A3921995E8E0000127C /* ListTableViewDataSource.swift in Sources */ = {isa = PBXBuildFile; fileRef = AED17A3821995E8E0000127C /* ListTableViewDataSource.swift */; };
		AED17A3B219969950000127C /* TableViewItemDataSource.swift in Sources */ = {isa = PBXBuildFile; fileRef = AED17A3A219969950000127C /* TableViewItemDataSource.swift */; };
/* End PBXBuildFile section */

/* Begin PBXContainerItemProxy section */
		4A5B56CC2195E0E5005082B8 /* PBXContainerItemProxy */ = {
			isa = PBXContainerItemProxy;
			containerPortal = 4A5B56AF2195E0E4005082B8 /* Project object */;
			proxyType = 1;
			remoteGlobalIDString = 4A5B56B62195E0E4005082B8;
			remoteInfo = SwiftVIPER;
		};
/* End PBXContainerItemProxy section */

/* Begin PBXFileReference section */
		4A5B56B72195E0E4005082B8 /* SwiftVIPER.app */ = {isa = PBXFileReference; explicitFileType = wrapper.application; includeInIndex = 0; path = SwiftVIPER.app; sourceTree = BUILT_PRODUCTS_DIR; };
		4A5B56BA2195E0E4005082B8 /* AppDelegate.swift */ = {isa = PBXFileReference; lastKnownFileType = sourcecode.swift; path = AppDelegate.swift; sourceTree = "<group>"; };
		4A5B56BC2195E0E4005082B8 /* ViewController.swift */ = {isa = PBXFileReference; lastKnownFileType = sourcecode.swift; path = ViewController.swift; sourceTree = "<group>"; };
		4A5B56BF2195E0E4005082B8 /* Base */ = {isa = PBXFileReference; lastKnownFileType = file.storyboard; name = Base; path = Base.lproj/Main.storyboard; sourceTree = "<group>"; };
		4A5B56C12195E0E5005082B8 /* Assets.xcassets */ = {isa = PBXFileReference; lastKnownFileType = folder.assetcatalog; path = Assets.xcassets; sourceTree = "<group>"; };
		4A5B56C42195E0E5005082B8 /* Base */ = {isa = PBXFileReference; lastKnownFileType = file.storyboard; name = Base; path = Base.lproj/LaunchScreen.storyboard; sourceTree = "<group>"; };
		4A5B56C62195E0E5005082B8 /* Info.plist */ = {isa = PBXFileReference; lastKnownFileType = text.plist.xml; path = Info.plist; sourceTree = "<group>"; };
		4A5B56CB2195E0E5005082B8 /* SwiftVIPERTests.xctest */ = {isa = PBXFileReference; explicitFileType = wrapper.cfbundle; includeInIndex = 0; path = SwiftVIPERTests.xctest; sourceTree = BUILT_PRODUCTS_DIR; };
		4A5B56CF2195E0E5005082B8 /* SwiftVIPERTests.swift */ = {isa = PBXFileReference; lastKnownFileType = sourcecode.swift; path = SwiftVIPERTests.swift; sourceTree = "<group>"; };
		4A5B56D12195E0E5005082B8 /* Info.plist */ = {isa = PBXFileReference; lastKnownFileType = text.plist.xml; path = Info.plist; sourceTree = "<group>"; };
		AE895346219981A700BA9616 /* DetailViewController.swift */ = {isa = PBXFileReference; lastKnownFileType = sourcecode.swift; path = DetailViewController.swift; sourceTree = "<group>"; };
		AE895347219981A700BA9616 /* DetailViewController.xib */ = {isa = PBXFileReference; lastKnownFileType = file.xib; path = DetailViewController.xib; sourceTree = "<group>"; };
		AE89534A219981BC00BA9616 /* DetailRouter.swift */ = {isa = PBXFileReference; lastKnownFileType = sourcecode.swift; path = DetailRouter.swift; sourceTree = "<group>"; };
		AE89534C219981DA00BA9616 /* DetailInteractor.swift */ = {isa = PBXFileReference; lastKnownFileType = sourcecode.swift; path = DetailInteractor.swift; sourceTree = "<group>"; };
		AE89534E219981EA00BA9616 /* DetailPresenter.swift */ = {isa = PBXFileReference; lastKnownFileType = sourcecode.swift; path = DetailPresenter.swift; sourceTree = "<group>"; };
		AE895350219981F800BA9616 /* DetailEntities.swift */ = {isa = PBXFileReference; lastKnownFileType = sourcecode.swift; path = DetailEntities.swift; sourceTree = "<group>"; };
		AED17A0F21992ABB0000127C /* Routerable.swift */ = {isa = PBXFileReference; lastKnownFileType = sourcecode.swift; path = Routerable.swift; sourceTree = "<group>"; };
		AED17A1121992AD90000127C /* Presenterable.swift */ = {isa = PBXFileReference; lastKnownFileType = sourcecode.swift; path = Presenterable.swift; sourceTree = "<group>"; };
		AED17A1321992AEF0000127C /* Viewable.swift */ = {isa = PBXFileReference; lastKnownFileType = sourcecode.swift; path = Viewable.swift; sourceTree = "<group>"; };
		AED17A1521992B090000127C /* Interactorable.swift */ = {isa = PBXFileReference; lastKnownFileType = sourcecode.swift; path = Interactorable.swift; sourceTree = "<group>"; };
		AED17A1F21993C000000127C /* ListViewController.swift */ = {isa = PBXFileReference; lastKnownFileType = sourcecode.swift; path = ListViewController.swift; sourceTree = "<group>"; };
		AED17A2021993C000000127C /* ListViewController.xib */ = {isa = PBXFileReference; lastKnownFileType = file.xib; path = ListViewController.xib; sourceTree = "<group>"; };
		AED17A2321993C180000127C /* ListPresenter.swift */ = {isa = PBXFileReference; lastKnownFileType = sourcecode.swift; path = ListPresenter.swift; sourceTree = "<group>"; };
		AED17A2521993C2A0000127C /* ListRouter.swift */ = {isa = PBXFileReference; lastKnownFileType = sourcecode.swift; path = ListRouter.swift; sourceTree = "<group>"; };
		AED17A2721993C450000127C /* ListInteractor.swift */ = {isa = PBXFileReference; lastKnownFileType = sourcecode.swift; path = ListInteractor.swift; sourceTree = "<group>"; };
		AED17A2A219941450000127C /* Api.swift */ = {isa = PBXFileReference; lastKnownFileType = sourcecode.swift; path = Api.swift; sourceTree = "<group>"; };
		AED17A2C2199418D0000127C /* GitHubApi.swift */ = {isa = PBXFileReference; lastKnownFileType = sourcecode.swift; path = GitHubApi.swift; sourceTree = "<group>"; };
		AED17A2F219941BA0000127C /* GitHubRepository.swift */ = {isa = PBXFileReference; lastKnownFileType = sourcecode.swift; path = GitHubRepository.swift; sourceTree = "<group>"; };
		AED17A342199540C0000127C /* CollectionExtension.swift */ = {isa = PBXFileReference; lastKnownFileType = sourcecode.swift; path = CollectionExtension.swift; sourceTree = "<group>"; };
		AED17A3621995D900000127C /* ListEntities.swift */ = {isa = PBXFileReference; lastKnownFileType = sourcecode.swift; path = ListEntities.swift; sourceTree = "<group>"; };
		AED17A3821995E8E0000127C /* ListTableViewDataSource.swift */ = {isa = PBXFileReference; lastKnownFileType = sourcecode.swift; path = ListTableViewDataSource.swift; sourceTree = "<group>"; };
		AED17A3A219969950000127C /* TableViewItemDataSource.swift */ = {isa = PBXFileReference; lastKnownFileType = sourcecode.swift; path = TableViewItemDataSource.swift; sourceTree = "<group>"; };
/* End PBXFileReference section */

/* Begin PBXFrameworksBuildPhase section */
		4A5B56B42195E0E4005082B8 /* Frameworks */ = {
			isa = PBXFrameworksBuildPhase;
			buildActionMask = 2147483647;
			files = (
			);
			runOnlyForDeploymentPostprocessing = 0;
		};
		4A5B56C82195E0E5005082B8 /* Frameworks */ = {
			isa = PBXFrameworksBuildPhase;
			buildActionMask = 2147483647;
			files = (
			);
			runOnlyForDeploymentPostprocessing = 0;
		};
/* End PBXFrameworksBuildPhase section */

/* Begin PBXGroup section */
		4A5B56AE2195E0E4005082B8 = {
			isa = PBXGroup;
			children = (
				4A5B56B92195E0E4005082B8 /* SwiftVIPER */,
				4A5B56CE2195E0E5005082B8 /* SwiftVIPERTests */,
				4A5B56B82195E0E4005082B8 /* Products */,
			);
			sourceTree = "<group>";
		};
		4A5B56B82195E0E4005082B8 /* Products */ = {
			isa = PBXGroup;
			children = (
				4A5B56B72195E0E4005082B8 /* SwiftVIPER.app */,
				4A5B56CB2195E0E5005082B8 /* SwiftVIPERTests.xctest */,
			);
			name = Products;
			sourceTree = "<group>";
		};
		4A5B56B92195E0E4005082B8 /* SwiftVIPER */ = {
			isa = PBXGroup;
			children = (
				4A5B56BA2195E0E4005082B8 /* AppDelegate.swift */,
				4A5B56BC2195E0E4005082B8 /* ViewController.swift */,
				AED17A33219954000000127C /* Extensions */,
				AED17A29219940F70000127C /* Apis */,
				AED17A0E21992AA10000127C /* Protocols */,
				AED17A1D21993BD90000127C /* Screens */,
				4A5B56DA2195E912005082B8 /* Resources */,
			);
			path = SwiftVIPER;
			sourceTree = "<group>";
		};
		4A5B56CE2195E0E5005082B8 /* SwiftVIPERTests */ = {
			isa = PBXGroup;
			children = (
				4A5B56CF2195E0E5005082B8 /* SwiftVIPERTests.swift */,
				4A5B56D12195E0E5005082B8 /* Info.plist */,
			);
			path = SwiftVIPERTests;
			sourceTree = "<group>";
		};
		4A5B56DA2195E912005082B8 /* Resources */ = {
			isa = PBXGroup;
			children = (
				4A5B56BE2195E0E4005082B8 /* Main.storyboard */,
				4A5B56C32195E0E5005082B8 /* LaunchScreen.storyboard */,
				4A5B56C12195E0E5005082B8 /* Assets.xcassets */,
				4A5B56C62195E0E5005082B8 /* Info.plist */,
			);
			path = Resources;
			sourceTree = "<group>";
		};
		AE8953452199818900BA9616 /* Detail */ = {
			isa = PBXGroup;
			children = (
				AE895346219981A700BA9616 /* DetailViewController.swift */,
				AE89534E219981EA00BA9616 /* DetailPresenter.swift */,
				AE89534C219981DA00BA9616 /* DetailInteractor.swift */,
				AE895350219981F800BA9616 /* DetailEntities.swift */,
				AE89534A219981BC00BA9616 /* DetailRouter.swift */,
				AE895347219981A700BA9616 /* DetailViewController.xib */,
			);
			path = Detail;
			sourceTree = "<group>";
		};
		AED17A0E21992AA10000127C /* Protocols */ = {
			isa = PBXGroup;
			children = (
				AED17A0F21992ABB0000127C /* Routerable.swift */,
				AED17A1121992AD90000127C /* Presenterable.swift */,
				AED17A1321992AEF0000127C /* Viewable.swift */,
				AED17A1521992B090000127C /* Interactorable.swift */,
				AED17A3A219969950000127C /* TableViewItemDataSource.swift */,
			);
			path = Protocols;
			sourceTree = "<group>";
		};
		AED17A1D21993BD90000127C /* Screens */ = {
			isa = PBXGroup;
			children = (
				AED17A1E21993BE50000127C /* List */,
				AE8953452199818900BA9616 /* Detail */,
			);
			path = Screens;
			sourceTree = "<group>";
		};
		AED17A1E21993BE50000127C /* List */ = {
			isa = PBXGroup;
			children = (
				AED17A1F21993C000000127C /* ListViewController.swift */,
				AED17A3821995E8E0000127C /* ListTableViewDataSource.swift */,
				AED17A2321993C180000127C /* ListPresenter.swift */,
				AED17A2721993C450000127C /* ListInteractor.swift */,
				AED17A3621995D900000127C /* ListEntities.swift */,
				AED17A2521993C2A0000127C /* ListRouter.swift */,
				AED17A2021993C000000127C /* ListViewController.xib */,
			);
			path = List;
			sourceTree = "<group>";
		};
		AED17A29219940F70000127C /* Apis */ = {
			isa = PBXGroup;
			children = (
				AED17A2A219941450000127C /* Api.swift */,
				AED17A2C2199418D0000127C /* GitHubApi.swift */,
				AED17A2E219941B10000127C /* Entities */,
			);
			path = Apis;
			sourceTree = "<group>";
		};
		AED17A2E219941B10000127C /* Entities */ = {
			isa = PBXGroup;
			children = (
				AED17A2F219941BA0000127C /* GitHubRepository.swift */,
			);
			path = Entities;
			sourceTree = "<group>";
		};
		AED17A33219954000000127C /* Extensions */ = {
			isa = PBXGroup;
			children = (
				AED17A342199540C0000127C /* CollectionExtension.swift */,
			);
			path = Extensions;
			sourceTree = "<group>";
		};
/* End PBXGroup section */

/* Begin PBXNativeTarget section */
		4A5B56B62195E0E4005082B8 /* SwiftVIPER */ = {
			isa = PBXNativeTarget;
			buildConfigurationList = 4A5B56D42195E0E5005082B8 /* Build configuration list for PBXNativeTarget "SwiftVIPER" */;
			buildPhases = (
				4A5B56B32195E0E4005082B8 /* Sources */,
				4A5B56B42195E0E4005082B8 /* Frameworks */,
				4A5B56B52195E0E4005082B8 /* Resources */,
			);
			buildRules = (
			);
			dependencies = (
			);
			name = SwiftVIPER;
			productName = SwiftVIPER;
			productReference = 4A5B56B72195E0E4005082B8 /* SwiftVIPER.app */;
			productType = "com.apple.product-type.application";
		};
		4A5B56CA2195E0E5005082B8 /* SwiftVIPERTests */ = {
			isa = PBXNativeTarget;
			buildConfigurationList = 4A5B56D72195E0E5005082B8 /* Build configuration list for PBXNativeTarget "SwiftVIPERTests" */;
			buildPhases = (
				4A5B56C72195E0E5005082B8 /* Sources */,
				4A5B56C82195E0E5005082B8 /* Frameworks */,
				4A5B56C92195E0E5005082B8 /* Resources */,
			);
			buildRules = (
			);
			dependencies = (
				4A5B56CD2195E0E5005082B8 /* PBXTargetDependency */,
			);
			name = SwiftVIPERTests;
			productName = SwiftVIPERTests;
			productReference = 4A5B56CB2195E0E5005082B8 /* SwiftVIPERTests.xctest */;
			productType = "com.apple.product-type.bundle.unit-test";
		};
/* End PBXNativeTarget section */

/* Begin PBXProject section */
		4A5B56AF2195E0E4005082B8 /* Project object */ = {
			isa = PBXProject;
			attributes = {
				LastSwiftUpdateCheck = 1000;
				LastUpgradeCheck = 1000;
				ORGANIZATIONNAME = "Tsubasa Hayashi";
				TargetAttributes = {
					4A5B56B62195E0E4005082B8 = {
						CreatedOnToolsVersion = 10.0;
					};
					4A5B56CA2195E0E5005082B8 = {
						CreatedOnToolsVersion = 10.0;
						TestTargetID = 4A5B56B62195E0E4005082B8;
					};
				};
			};
			buildConfigurationList = 4A5B56B22195E0E4005082B8 /* Build configuration list for PBXProject "SwiftVIPER" */;
			compatibilityVersion = "Xcode 9.3";
			developmentRegion = en;
			hasScannedForEncodings = 0;
			knownRegions = (
				en,
				Base,
			);
			mainGroup = 4A5B56AE2195E0E4005082B8;
			productRefGroup = 4A5B56B82195E0E4005082B8 /* Products */;
			projectDirPath = "";
			projectRoot = "";
			targets = (
				4A5B56B62195E0E4005082B8 /* SwiftVIPER */,
				4A5B56CA2195E0E5005082B8 /* SwiftVIPERTests */,
			);
		};
/* End PBXProject section */

/* Begin PBXResourcesBuildPhase section */
		4A5B56B52195E0E4005082B8 /* Resources */ = {
			isa = PBXResourcesBuildPhase;
			buildActionMask = 2147483647;
			files = (
				4A5B56C52195E0E5005082B8 /* LaunchScreen.storyboard in Resources */,
				4A5B56C22195E0E5005082B8 /* Assets.xcassets in Resources */,
				AE895349219981A700BA9616 /* DetailViewController.xib in Resources */,
				AED17A2221993C000000127C /* ListViewController.xib in Resources */,
				4A5B56C02195E0E4005082B8 /* Main.storyboard in Resources */,
			);
			runOnlyForDeploymentPostprocessing = 0;
		};
		4A5B56C92195E0E5005082B8 /* Resources */ = {
			isa = PBXResourcesBuildPhase;
			buildActionMask = 2147483647;
			files = (
			);
			runOnlyForDeploymentPostprocessing = 0;
		};
/* End PBXResourcesBuildPhase section */

/* Begin PBXSourcesBuildPhase section */
		4A5B56B32195E0E4005082B8 /* Sources */ = {
			isa = PBXSourcesBuildPhase;
			buildActionMask = 2147483647;
			files = (
				AED17A3B219969950000127C /* TableViewItemDataSource.swift in Sources */,
				AED17A2821993C450000127C /* ListInteractor.swift in Sources */,
				AED17A352199540C0000127C /* CollectionExtension.swift in Sources */,
				AE89534B219981BC00BA9616 /* DetailRouter.swift in Sources */,
				AED17A2621993C2A0000127C /* ListRouter.swift in Sources */,
				AE89534F219981EA00BA9616 /* DetailPresenter.swift in Sources */,
				4A5B56BD2195E0E4005082B8 /* ViewController.swift in Sources */,
				AED17A2D2199418D0000127C /* GitHubApi.swift in Sources */,
				AED17A1021992ABB0000127C /* Routerable.swift in Sources */,
				AE895351219981F800BA9616 /* DetailEntities.swift in Sources */,
				AED17A3921995E8E0000127C /* ListTableViewDataSource.swift in Sources */,
				AED17A2421993C180000127C /* ListPresenter.swift in Sources */,
				AE895348219981A700BA9616 /* DetailViewController.swift in Sources */,
				AE89534D219981DA00BA9616 /* DetailInteractor.swift in Sources */,
				AED17A3721995D900000127C /* ListEntities.swift in Sources */,
				AED17A30219941BA0000127C /* GitHubRepository.swift in Sources */,
				AED17A2B219941450000127C /* Api.swift in Sources */,
				AED17A1421992AEF0000127C /* Viewable.swift in Sources */,
				AED17A1221992AD90000127C /* Presenterable.swift in Sources */,
				AED17A1621992B090000127C /* Interactorable.swift in Sources */,
				4A5B56BB2195E0E4005082B8 /* AppDelegate.swift in Sources */,
				AED17A2121993C000000127C /* ListViewController.swift in Sources */,
			);
			runOnlyForDeploymentPostprocessing = 0;
		};
		4A5B56C72195E0E5005082B8 /* Sources */ = {
			isa = PBXSourcesBuildPhase;
			buildActionMask = 2147483647;
			files = (
				4A5B56D02195E0E5005082B8 /* SwiftVIPERTests.swift in Sources */,
			);
			runOnlyForDeploymentPostprocessing = 0;
		};
/* End PBXSourcesBuildPhase section */

/* Begin PBXTargetDependency section */
		4A5B56CD2195E0E5005082B8 /* PBXTargetDependency */ = {
			isa = PBXTargetDependency;
			target = 4A5B56B62195E0E4005082B8 /* SwiftVIPER */;
			targetProxy = 4A5B56CC2195E0E5005082B8 /* PBXContainerItemProxy */;
		};
/* End PBXTargetDependency section */

/* Begin PBXVariantGroup section */
		4A5B56BE2195E0E4005082B8 /* Main.storyboard */ = {
			isa = PBXVariantGroup;
			children = (
				4A5B56BF2195E0E4005082B8 /* Base */,
			);
			name = Main.storyboard;
			sourceTree = "<group>";
		};
		4A5B56C32195E0E5005082B8 /* LaunchScreen.storyboard */ = {
			isa = PBXVariantGroup;
			children = (
				4A5B56C42195E0E5005082B8 /* Base */,
			);
			name = LaunchScreen.storyboard;
			sourceTree = "<group>";
		};
/* End PBXVariantGroup section */

/* Begin XCBuildConfiguration section */
		4A5B56D22195E0E5005082B8 /* Debug */ = {
			isa = XCBuildConfiguration;
			buildSettings = {
				ALWAYS_SEARCH_USER_PATHS = NO;
				CLANG_ANALYZER_NONNULL = YES;
				CLANG_ANALYZER_NUMBER_OBJECT_CONVERSION = YES_AGGRESSIVE;
				CLANG_CXX_LANGUAGE_STANDARD = "gnu++14";
				CLANG_CXX_LIBRARY = "libc++";
				CLANG_ENABLE_MODULES = YES;
				CLANG_ENABLE_OBJC_ARC = YES;
				CLANG_ENABLE_OBJC_WEAK = YES;
				CLANG_WARN_BLOCK_CAPTURE_AUTORELEASING = YES;
				CLANG_WARN_BOOL_CONVERSION = YES;
				CLANG_WARN_COMMA = YES;
				CLANG_WARN_CONSTANT_CONVERSION = YES;
				CLANG_WARN_DEPRECATED_OBJC_IMPLEMENTATIONS = YES;
				CLANG_WARN_DIRECT_OBJC_ISA_USAGE = YES_ERROR;
				CLANG_WARN_DOCUMENTATION_COMMENTS = YES;
				CLANG_WARN_EMPTY_BODY = YES;
				CLANG_WARN_ENUM_CONVERSION = YES;
				CLANG_WARN_INFINITE_RECURSION = YES;
				CLANG_WARN_INT_CONVERSION = YES;
				CLANG_WARN_NON_LITERAL_NULL_CONVERSION = YES;
				CLANG_WARN_OBJC_IMPLICIT_RETAIN_SELF = YES;
				CLANG_WARN_OBJC_LITERAL_CONVERSION = YES;
				CLANG_WARN_OBJC_ROOT_CLASS = YES_ERROR;
				CLANG_WARN_RANGE_LOOP_ANALYSIS = YES;
				CLANG_WARN_STRICT_PROTOTYPES = YES;
				CLANG_WARN_SUSPICIOUS_MOVE = YES;
				CLANG_WARN_UNGUARDED_AVAILABILITY = YES_AGGRESSIVE;
				CLANG_WARN_UNREACHABLE_CODE = YES;
				CLANG_WARN__DUPLICATE_METHOD_MATCH = YES;
				CODE_SIGN_IDENTITY = "iPhone Developer";
				COPY_PHASE_STRIP = NO;
				DEBUG_INFORMATION_FORMAT = dwarf;
				ENABLE_STRICT_OBJC_MSGSEND = YES;
				ENABLE_TESTABILITY = YES;
				GCC_C_LANGUAGE_STANDARD = gnu11;
				GCC_DYNAMIC_NO_PIC = NO;
				GCC_NO_COMMON_BLOCKS = YES;
				GCC_OPTIMIZATION_LEVEL = 0;
				GCC_PREPROCESSOR_DEFINITIONS = (
					"DEBUG=1",
					"$(inherited)",
				);
				GCC_WARN_64_TO_32_BIT_CONVERSION = YES;
				GCC_WARN_ABOUT_RETURN_TYPE = YES_ERROR;
				GCC_WARN_UNDECLARED_SELECTOR = YES;
				GCC_WARN_UNINITIALIZED_AUTOS = YES_AGGRESSIVE;
				GCC_WARN_UNUSED_FUNCTION = YES;
				GCC_WARN_UNUSED_VARIABLE = YES;
				IPHONEOS_DEPLOYMENT_TARGET = 12.0;
				MTL_ENABLE_DEBUG_INFO = INCLUDE_SOURCE;
				MTL_FAST_MATH = YES;
				ONLY_ACTIVE_ARCH = YES;
				SDKROOT = iphoneos;
				SWIFT_ACTIVE_COMPILATION_CONDITIONS = DEBUG;
				SWIFT_OPTIMIZATION_LEVEL = "-Onone";
			};
			name = Debug;
		};
		4A5B56D32195E0E5005082B8 /* Release */ = {
			isa = XCBuildConfiguration;
			buildSettings = {
				ALWAYS_SEARCH_USER_PATHS = NO;
				CLANG_ANALYZER_NONNULL = YES;
				CLANG_ANALYZER_NUMBER_OBJECT_CONVERSION = YES_AGGRESSIVE;
				CLANG_CXX_LANGUAGE_STANDARD = "gnu++14";
				CLANG_CXX_LIBRARY = "libc++";
				CLANG_ENABLE_MODULES = YES;
				CLANG_ENABLE_OBJC_ARC = YES;
				CLANG_ENABLE_OBJC_WEAK = YES;
				CLANG_WARN_BLOCK_CAPTURE_AUTORELEASING = YES;
				CLANG_WARN_BOOL_CONVERSION = YES;
				CLANG_WARN_COMMA = YES;
				CLANG_WARN_CONSTANT_CONVERSION = YES;
				CLANG_WARN_DEPRECATED_OBJC_IMPLEMENTATIONS = YES;
				CLANG_WARN_DIRECT_OBJC_ISA_USAGE = YES_ERROR;
				CLANG_WARN_DOCUMENTATION_COMMENTS = YES;
				CLANG_WARN_EMPTY_BODY = YES;
				CLANG_WARN_ENUM_CONVERSION = YES;
				CLANG_WARN_INFINITE_RECURSION = YES;
				CLANG_WARN_INT_CONVERSION = YES;
				CLANG_WARN_NON_LITERAL_NULL_CONVERSION = YES;
				CLANG_WARN_OBJC_IMPLICIT_RETAIN_SELF = YES;
				CLANG_WARN_OBJC_LITERAL_CONVERSION = YES;
				CLANG_WARN_OBJC_ROOT_CLASS = YES_ERROR;
				CLANG_WARN_RANGE_LOOP_ANALYSIS = YES;
				CLANG_WARN_STRICT_PROTOTYPES = YES;
				CLANG_WARN_SUSPICIOUS_MOVE = YES;
				CLANG_WARN_UNGUARDED_AVAILABILITY = YES_AGGRESSIVE;
				CLANG_WARN_UNREACHABLE_CODE = YES;
				CLANG_WARN__DUPLICATE_METHOD_MATCH = YES;
				CODE_SIGN_IDENTITY = "iPhone Developer";
				COPY_PHASE_STRIP = NO;
				DEBUG_INFORMATION_FORMAT = "dwarf-with-dsym";
				ENABLE_NS_ASSERTIONS = NO;
				ENABLE_STRICT_OBJC_MSGSEND = YES;
				GCC_C_LANGUAGE_STANDARD = gnu11;
				GCC_NO_COMMON_BLOCKS = YES;
				GCC_WARN_64_TO_32_BIT_CONVERSION = YES;
				GCC_WARN_ABOUT_RETURN_TYPE = YES_ERROR;
				GCC_WARN_UNDECLARED_SELECTOR = YES;
				GCC_WARN_UNINITIALIZED_AUTOS = YES_AGGRESSIVE;
				GCC_WARN_UNUSED_FUNCTION = YES;
				GCC_WARN_UNUSED_VARIABLE = YES;
				IPHONEOS_DEPLOYMENT_TARGET = 12.0;
				MTL_ENABLE_DEBUG_INFO = NO;
				MTL_FAST_MATH = YES;
				SDKROOT = iphoneos;
				SWIFT_COMPILATION_MODE = wholemodule;
				SWIFT_OPTIMIZATION_LEVEL = "-O";
				VALIDATE_PRODUCT = YES;
			};
			name = Release;
		};
		4A5B56D52195E0E5005082B8 /* Debug */ = {
			isa = XCBuildConfiguration;
			buildSettings = {
				ASSETCATALOG_COMPILER_APPICON_NAME = AppIcon;
				CODE_SIGN_STYLE = Automatic;
				INFOPLIST_FILE = "$(SRCROOT)/SwiftVIPER/Resources/Info.plist";
				LD_RUNPATH_SEARCH_PATHS = (
					"$(inherited)",
					"@executable_path/Frameworks",
				);
				PRODUCT_BUNDLE_IDENTIFIER = app.yokurin.SwiftVIPER;
				PRODUCT_NAME = "$(TARGET_NAME)";
				SWIFT_VERSION = 4.2;
				TARGETED_DEVICE_FAMILY = "1,2";
			};
			name = Debug;
		};
		4A5B56D62195E0E5005082B8 /* Release */ = {
			isa = XCBuildConfiguration;
			buildSettings = {
				ASSETCATALOG_COMPILER_APPICON_NAME = AppIcon;
				CODE_SIGN_STYLE = Automatic;
				INFOPLIST_FILE = "$(SRCROOT)/SwiftVIPER/Resources/Info.plist";
				LD_RUNPATH_SEARCH_PATHS = (
					"$(inherited)",
					"@executable_path/Frameworks",
				);
				PRODUCT_BUNDLE_IDENTIFIER = app.yokurin.SwiftVIPER;
				PRODUCT_NAME = "$(TARGET_NAME)";
				SWIFT_VERSION = 4.2;
				TARGETED_DEVICE_FAMILY = "1,2";
			};
			name = Release;
		};
		4A5B56D82195E0E5005082B8 /* Debug */ = {
			isa = XCBuildConfiguration;
			buildSettings = {
				ALWAYS_EMBED_SWIFT_STANDARD_LIBRARIES = YES;
				BUNDLE_LOADER = "$(TEST_HOST)";
				CODE_SIGN_STYLE = Automatic;
				INFOPLIST_FILE = SwiftVIPERTests/Info.plist;
				LD_RUNPATH_SEARCH_PATHS = (
					"$(inherited)",
					"@executable_path/Frameworks",
					"@loader_path/Frameworks",
				);
				PRODUCT_BUNDLE_IDENTIFIER = app.yokurin.SwiftVIPERTests;
				PRODUCT_NAME = "$(TARGET_NAME)";
				SWIFT_VERSION = 4.2;
				TARGETED_DEVICE_FAMILY = "1,2";
				TEST_HOST = "$(BUILT_PRODUCTS_DIR)/SwiftVIPER.app/SwiftVIPER";
			};
			name = Debug;
		};
		4A5B56D92195E0E5005082B8 /* Release */ = {
			isa = XCBuildConfiguration;
			buildSettings = {
				ALWAYS_EMBED_SWIFT_STANDARD_LIBRARIES = YES;
				BUNDLE_LOADER = "$(TEST_HOST)";
				CODE_SIGN_STYLE = Automatic;
				INFOPLIST_FILE = SwiftVIPERTests/Info.plist;
				LD_RUNPATH_SEARCH_PATHS = (
					"$(inherited)",
					"@executable_path/Frameworks",
					"@loader_path/Frameworks",
				);
				PRODUCT_BUNDLE_IDENTIFIER = app.yokurin.SwiftVIPERTests;
				PRODUCT_NAME = "$(TARGET_NAME)";
				SWIFT_VERSION = 4.2;
				TARGETED_DEVICE_FAMILY = "1,2";
				TEST_HOST = "$(BUILT_PRODUCTS_DIR)/SwiftVIPER.app/SwiftVIPER";
			};
			name = Release;
		};
/* End XCBuildConfiguration section */

/* Begin XCConfigurationList section */
		4A5B56B22195E0E4005082B8 /* Build configuration list for PBXProject "SwiftVIPER" */ = {
			isa = XCConfigurationList;
			buildConfigurations = (
				4A5B56D22195E0E5005082B8 /* Debug */,
				4A5B56D32195E0E5005082B8 /* Release */,
			);
			defaultConfigurationIsVisible = 0;
			defaultConfigurationName = Release;
		};
		4A5B56D42195E0E5005082B8 /* Build configuration list for PBXNativeTarget "SwiftVIPER" */ = {
			isa = XCConfigurationList;
			buildConfigurations = (
				4A5B56D52195E0E5005082B8 /* Debug */,
				4A5B56D62195E0E5005082B8 /* Release */,
			);
			defaultConfigurationIsVisible = 0;
			defaultConfigurationName = Release;
		};
		4A5B56D72195E0E5005082B8 /* Build configuration list for PBXNativeTarget "SwiftVIPERTests" */ = {
			isa = XCConfigurationList;
			buildConfigurations = (
				4A5B56D82195E0E5005082B8 /* Debug */,
				4A5B56D92195E0E5005082B8 /* Release */,
			);
			defaultConfigurationIsVisible = 0;
			defaultConfigurationName = Release;
		};
/* End XCConfigurationList section */
	};
	rootObject = 4A5B56AF2195E0E4005082B8 /* Project object */;
}
